
Microsoft Visual Studio Solution File, Format Version 12.00
# Visual Studio Version 17
VisualStudioVersion = 17.11.35219.272
MinimumVisualStudioVersion = 10.0.40219.1
Project("{F184B08F-C81C-45F6-A57F-5ABD9991F28F}") = "CRUD", "CRUD.vbproj", "{5843324B-B397-4997-9361-BFC2EC7831F1}"
EndProject
Global
	GlobalSection(SolutionConfigurationPlatforms) = preSolution
		Debug|Any CPU = Debug|Any CPU
		Release|Any CPU = Release|Any CPU
	EndGlobalSection
	GlobalSection(ProjectConfigurationPlatforms) = postSolution
		{5843324B-B397-4997-9361-BFC2EC7831F1}.Debug|Any CPU.ActiveCfg = Debug|Any CPU
		{5843324B-B397-4997-9361-BFC2EC7831F1}.Debug|Any CPU.Build.0 = Debug|Any CPU
		{5843324B-B397-4997-9361-BFC2EC7831F1}.Release|Any CPU.ActiveCfg = Release|Any CPU
		{5843324B-B397-4997-9361-BFC2EC7831F1}.Release|Any CPU.Build.0 = Release|Any CPU
	EndGlobalSection
	GlobalSection(SolutionProperties) = preSolution
		HideSolutionNode = FALSE
	EndGlobalSection
	GlobalSection(ExtensibilityGlobals) = postSolution
		SolutionGuid = {EE5AC56E-1F3C-4BBB-8D60-1D9818C9BB5C}
	EndGlobalSection
EndGlobal
